
Microsoft Visual Studio Solution File, Format Version 12.00
# Visual Studio Version 17
VisualStudioVersion = 17.14.35806.103 d17.14
MinimumVisualStudioVersion = 10.0.40219.1
Project("{FAE04EC0-301F-11D3-BF4B-00C04F79EFBC}") = "ObisidianCodeBaseGenerator", "ObisidianCodeBaseGenerator.csproj", "{79D4E06E-7A22-48D9-AB8A-3F349115DDFD}"
EndProject
Global
	GlobalSection(SolutionConfigurationPlatforms) = preSolution
		Debug|Any CPU = Debug|Any CPU
		Release|Any CPU = Release|Any CPU
	EndGlobalSection
	GlobalSection(ProjectConfigurationPlatforms) = postSolution
		{79D4E06E-7A22-48D9-AB8A-3F349115DDFD}.Debug|Any CPU.ActiveCfg = Debug|Any CPU
		{79D4E06E-7A22-48D9-AB8A-3F349115DDFD}.Debug|Any CPU.Build.0 = Debug|Any CPU
		{79D4E06E-7A22-48D9-AB8A-3F349115DDFD}.Release|Any CPU.ActiveCfg = Release|Any CPU
		{79D4E06E-7A22-48D9-AB8A-3F349115DDFD}.Release|Any CPU.Build.0 = Release|Any CPU
	EndGlobalSection
	GlobalSection(SolutionProperties) = preSolution
		HideSolutionNode = FALSE
	EndGlobalSection
	GlobalSection(ExtensibilityGlobals) = postSolution
		SolutionGuid = {2EBF7F40-6927-4EBD-9B31-BBB675DF5A74}
	EndGlobalSection
EndGlobal
